
Microsoft Visual Studio Solution File, Format Version 12.00
# Visual Studio Version 16
VisualStudioVersion = 16.0.29911.84
MinimumVisualStudioVersion = 10.0.40219.1
Project("{FAE04EC0-301F-11D3-BF4B-00C04F79EFBC}") = "NumericTextBox_Binding.UWP", "NumericTextBox_Binding.UWP\NumericTextBox_Binding.UWP.csproj", "{7BC6D17A-7C2D-4E76-8953-DFE8FDDE107F}"
EndProject
Project("{FAE04EC0-301F-11D3-BF4B-00C04F79EFBC}") = "NumericTextBox_Binding.Android", "NumericTextBox_Binding.Android\NumericTextBox_Binding.Android.csproj", "{6D75C65F-4A29-4AB6-A12A-722A1187CC81}"
EndProject
Project("{FAE04EC0-301F-11D3-BF4B-00C04F79EFBC}") = "NumericTextBox_Binding.iOS", "NumericTextBox_Binding.iOS\NumericTextBox_Binding.iOS.csproj", "{88B6A11B-8E33-4767-8765-2A9EBDAEE47E}"
EndProject
Project("{FAE04EC0-301F-11D3-BF4B-00C04F79EFBC}") = "NumericTextBox_Binding", "NumericTextBox_Binding\NumericTextBox_Binding.csproj", "{F959FBF7-0D80-49B0-ACF5-B84534896E32}"
EndProject
Global
	GlobalSection(SolutionConfigurationPlatforms) = preSolution
		Debug|Any CPU = Debug|Any CPU
		Debug|ARM = Debug|ARM
		Debug|iPhone = Debug|iPhone
		Debug|iPhoneSimulator = Debug|iPhoneSimulator
		Debug|x64 = Debug|x64
		Debug|x86 = Debug|x86
		Release|Any CPU = Release|Any CPU
		Release|ARM = Release|ARM
		Release|iPhone = Release|iPhone
		Release|iPhoneSimulator = Release|iPhoneSimulator
		Release|x64 = Release|x64
		Release|x86 = Release|x86
	EndGlobalSection
	GlobalSection(ProjectConfigurationPlatforms) = postSolution
		{7BC6D17A-7C2D-4E76-8953-DFE8FDDE107F}.Debug|Any CPU.ActiveCfg = Debug|x86
		{7BC6D17A-7C2D-4E76-8953-DFE8FDDE107F}.Debug|Any CPU.Build.0 = Debug|x86
		{7BC6D17A-7C2D-4E76-8953-DFE8FDDE107F}.Debug|Any CPU.Deploy.0 = Debug|x86
		{7BC6D17A-7C2D-4E76-8953-DFE8FDDE107F}.Debug|ARM.ActiveCfg = Debug|ARM
		{7BC6D17A-7C2D-4E76-8953-DFE8FDDE107F}.Debug|ARM.Build.0 = Debug|ARM
		{7BC6D17A-7C2D-4E76-8953-DFE8FDDE107F}.Debug|ARM.Deploy.0 = Debug|ARM
		{7BC6D17A-7C2D-4E76-8953-DFE8FDDE107F}.Debug|iPhone.ActiveCfg = Debug|x86
		{7BC6D17A-7C2D-4E76-8953-DFE8FDDE107F}.Debug|iPhone.Build.0 = Debug|x86
		{7BC6D17A-7C2D-4E76-8953-DFE8FDDE107F}.Debug|iPhone.Deploy.0 = Debug|x86
		{7BC6D17A-7C2D-4E76-8953-DFE8FDDE107F}.Debug|iPhoneSimulator.ActiveCfg = Debug|x86
		{7BC6D17A-7C2D-4E76-8953-DFE8FDDE107F}.Debug|iPhoneSimulator.Build.0 = Debug|x86
		{7BC6D17A-7C2D-4E76-8953-DFE8FDDE107F}.Debug|iPhoneSimulator.Deploy.0 = Debug|x86
		{7BC6D17A-7C2D-4E76-8953-DFE8FDDE107F}.Debug|x64.ActiveCfg = Debug|x64
		{7BC6D17A-7C2D-4E76-8953-DFE8FDDE107F}.Debug|x64.Build.0 = Debug|x64
		{7BC6D17A-7C2D-4E76-8953-DFE8FDDE107F}.Debug|x64.Deploy.0 = Debug|x64
		{7BC6D17A-7C2D-4E76-8953-DFE8FDDE107F}.Debug|x86.ActiveCfg = Debug|x86
		{7BC6D17A-7C2D-4E76-8953-DFE8FDDE107F}.Debug|x86.Build.0 = Debug|x86
		{7BC6D17A-7C2D-4E76-8953-DFE8FDDE107F}.Debug|x86.Deploy.0 = Debug|x86
		{7BC6D17A-7C2D-4E76-8953-DFE8FDDE107F}.Release|Any CPU.ActiveCfg = Release|x86
		{7BC6D17A-7C2D-4E76-8953-DFE8FDDE107F}.Release|Any CPU.Build.0 = Release|x86
		{7BC6D17A-7C2D-4E76-8953-DFE8FDDE107F}.Release|Any CPU.Deploy.0 = Release|x86
		{7BC6D17A-7C2D-4E76-8953-DFE8FDDE107F}.Release|ARM.ActiveCfg = Release|ARM
		{7BC6D17A-7C2D-4E76-8953-DFE8FDDE107F}.Release|ARM.Build.0 = Release|ARM
		{7BC6D17A-7C2D-4E76-8953-DFE8FDDE107F}.Release|ARM.Deploy.0 = Release|ARM
		{7BC6D17A-7C2D-4E76-8953-DFE8FDDE107F}.Release|iPhone.ActiveCfg = Release|x86
		{7BC6D17A-7C2D-4E76-8953-DFE8FDDE107F}.Release|iPhone.Build.0 = Release|x86
		{7BC6D17A-7C2D-4E76-8953-DFE8FDDE107F}.Release|iPhone.Deploy.0 = Release|x86
		{7BC6D17A-7C2D-4E76-8953-DFE8FDDE107F}.Release|iPhoneSimulator.ActiveCfg = Release|x86
		{7BC6D17A-7C2D-4E76-8953-DFE8FDDE107F}.Release|iPhoneSimulator.Build.0 = Release|x86
		{7BC6D17A-7C2D-4E76-8953-DFE8FDDE107F}.Release|iPhoneSimulator.Deploy.0 = Release|x86
		{7BC6D17A-7C2D-4E76-8953-DFE8FDDE107F}.Release|x64.ActiveCfg = Release|x64
		{7BC6D17A-7C2D-4E76-8953-DFE8FDDE107F}.Release|x64.Build.0 = Release|x64
		{7BC6D17A-7C2D-4E76-8953-DFE8FDDE107F}.Release|x64.Deploy.0 = Release|x64
		{7BC6D17A-7C2D-4E76-8953-DFE8FDDE107F}.Release|x86.ActiveCfg = Release|x86
		{7BC6D17A-7C2D-4E76-8953-DFE8FDDE107F}.Release|x86.Build.0 = Release|x86
		{7BC6D17A-7C2D-4E76-8953-DFE8FDDE107F}.Release|x86.Deploy.0 = Release|x86
		{6D75C65F-4A29-4AB6-A12A-722A1187CC81}.Debug|Any CPU.ActiveCfg = Debug|Any CPU
		{6D75C65F-4A29-4AB6-A12A-722A1187CC81}.Debug|Any CPU.Build.0 = Debug|Any CPU
		{6D75C65F-4A29-4AB6-A12A-722A1187CC81}.Debug|Any CPU.Deploy.0 = Debug|Any CPU
		{6D75C65F-4A29-4AB6-A12A-722A1187CC81}.Debug|ARM.ActiveCfg = Debug|Any CPU
		{6D75C65F-4A29-4AB6-A12A-722A1187CC81}.Debug|ARM.Build.0 = Debug|Any CPU
		{6D75C65F-4A29-4AB6-A12A-722A1187CC81}.Debug|ARM.Deploy.0 = Debug|Any CPU
		{6D75C65F-4A29-4AB6-A12A-722A1187CC81}.Debug|iPhone.ActiveCfg = Debug|Any CPU
		{6D75C65F-4A29-4AB6-A12A-722A1187CC81}.Debug|iPhone.Build.0 = Debug|Any CPU
		{6D75C65F-4A29-4AB6-A12A-722A1187CC81}.Debug|iPhone.Deploy.0 = Debug|Any CPU
		{6D75C65F-4A29-4AB6-A12A-722A1187CC81}.Debug|iPhoneSimulator.ActiveCfg = Debug|Any CPU
		{6D75C65F-4A29-4AB6-A12A-722A1187CC81}.Debug|iPhoneSimulator.Build.0 = Debug|Any CPU
		{6D75C65F-4A29-4AB6-A12A-722A1187CC81}.Debug|iPhoneSimulator.Deploy.0 = Debug|Any CPU
		{6D75C65F-4A29-4AB6-A12A-722A1187CC81}.Debug|x64.ActiveCfg = Debug|Any CPU
		{6D75C65F-4A29-4AB6-A12A-722A1187CC81}.Debug|x64.Build.0 = Debug|Any CPU
		{6D75C65F-4A29-4AB6-A12A-722A1187CC81}.Debug|x64.Deploy.0 = Debug|Any CPU
		{6D75C65F-4A29-4AB6-A12A-722A1187CC81}.Debug|x86.ActiveCfg = Debug|Any CPU
		{6D75C65F-4A29-4AB6-A12A-722A1187CC81}.Debug|x86.Build.0 = Debug|Any CPU
		{6D75C65F-4A29-4AB6-A12A-722A1187CC81}.Debug|x86.Deploy.0 = Debug|Any CPU
		{6D75C65F-4A29-4AB6-A12A-722A1187CC81}.Release|Any CPU.ActiveCfg = Release|Any CPU
		{6D75C65F-4A29-4AB6-A12A-722A1187CC81}.Release|Any CPU.Build.0 = Release|Any CPU
		{6D75C65F-4A29-4AB6-A12A-722A1187CC81}.Release|Any CPU.Deploy.0 = Release|Any CPU
		{6D75C65F-4A29-4AB6-A12A-722A1187CC81}.Release|ARM.ActiveCfg = Release|Any CPU
		{6D75C65F-4A29-4AB6-A12A-722A1187CC81}.Release|ARM.Build.0 = Release|Any CPU
		{6D75C65F-4A29-4AB6-A12A-722A1187CC81}.Release|ARM.Deploy.0 = Release|Any CPU
		{6D75C65F-4A29-4AB6-A12A-722A1187CC81}.Release|iPhone.ActiveCfg = Release|Any CPU
		{6D75C65F-4A29-4AB6-A12A-722A1187CC81}.Release|iPhone.Build.0 = Release|Any CPU
		{6D75C65F-4A29-4AB6-A12A-722A1187CC81}.Release|iPhone.Deploy.0 = Release|Any CPU
		{6D75C65F-4A29-4AB6-A12A-722A1187CC81}.Release|iPhoneSimulator.ActiveCfg = Release|Any CPU
		{6D75C65F-4A29-4AB6-A12A-722A1187CC81}.Release|iPhoneSimulator.Build.0 = Release|Any CPU
		{6D75C65F-4A29-4AB6-A12A-722A1187CC81}.Release|iPhoneSimulator.Deploy.0 = Release|Any CPU
		{6D75C65F-4A29-4AB6-A12A-722A1187CC81}.Release|x64.ActiveCfg = Release|Any CPU
		{6D75C65F-4A29-4AB6-A12A-722A1187CC81}.Release|x64.Build.0 = Release|Any CPU
		{6D75C65F-4A29-4AB6-A12A-722A1187CC81}.Release|x64.Deploy.0 = Release|Any CPU
		{6D75C65F-4A29-4AB6-A12A-722A1187CC81}.Release|x86.ActiveCfg = Release|Any CPU
		{6D75C65F-4A29-4AB6-A12A-722A1187CC81}.Release|x86.Build.0 = Release|Any CPU
		{6D75C65F-4A29-4AB6-A12A-722A1187CC81}.Release|x86.Deploy.0 = Release|Any CPU
		{88B6A11B-8E33-4767-8765-2A9EBDAEE47E}.Debug|Any CPU.ActiveCfg = Debug|iPhone
		{88B6A11B-8E33-4767-8765-2A9EBDAEE47E}.Debug|Any CPU.Build.0 = Debug|iPhone
		{88B6A11B-8E33-4767-8765-2A9EBDAEE47E}.Debug|Any CPU.Deploy.0 = Debug|iPhone
		{88B6A11B-8E33-4767-8765-2A9EBDAEE47E}.Debug|ARM.ActiveCfg = Debug|iPhone
		{88B6A11B-8E33-4767-8765-2A9EBDAEE47E}.Debug|ARM.Build.0 = Debug|iPhone
		{88B6A11B-8E33-4767-8765-2A9EBDAEE47E}.Debug|ARM.Deploy.0 = Debug|iPhone
		{88B6A11B-8E33-4767-8765-2A9EBDAEE47E}.Debug|iPhone.ActiveCfg = Debug|iPhone
		{88B6A11B-8E33-4767-8765-2A9EBDAEE47E}.Debug|iPhone.Build.0 = Debug|iPhone
		{88B6A11B-8E33-4767-8765-2A9EBDAEE47E}.Debug|iPhone.Deploy.0 = Debug|iPhone
		{88B6A11B-8E33-4767-8765-2A9EBDAEE47E}.Debug|iPhoneSimulator.ActiveCfg = Debug|iPhoneSimulator
		{88B6A11B-8E33-4767-8765-2A9EBDAEE47E}.Debug|iPhoneSimulator.Build.0 = Debug|iPhoneSimulator
		{88B6A11B-8E33-4767-8765-2A9EBDAEE47E}.Debug|iPhoneSimulator.Deploy.0 = Debug|iPhoneSimulator
		{88B6A11B-8E33-4767-8765-2A9EBDAEE47E}.Debug|x64.ActiveCfg = Debug|iPhone
		{88B6A11B-8E33-4767-8765-2A9EBDAEE47E}.Debug|x64.Build.0 = Debug|iPhone
		{88B6A11B-8E33-4767-8765-2A9EBDAEE47E}.Debug|x64.Deploy.0 = Debug|iPhone
		{88B6A11B-8E33-4767-8765-2A9EBDAEE47E}.Debug|x86.ActiveCfg = Debug|iPhone
		{88B6A11B-8E33-4767-8765-2A9EBDAEE47E}.Debug|x86.Build.0 = Debug|iPhone
		{88B6A11B-8E33-4767-8765-2A9EBDAEE47E}.Debug|x86.Deploy.0 = Debug|iPhone
		{88B6A11B-8E33-4767-8765-2A9EBDAEE47E}.Release|Any CPU.ActiveCfg = Release|iPhone
		{88B6A11B-8E33-4767-8765-2A9EBDAEE47E}.Release|Any CPU.Build.0 = Release|iPhone
		{88B6A11B-8E33-4767-8765-2A9EBDAEE47E}.Release|Any CPU.Deploy.0 = Release|iPhone
		{88B6A11B-8E33-4767-8765-2A9EBDAEE47E}.Release|ARM.ActiveCfg = Release|iPhone
		{88B6A11B-8E33-4767-8765-2A9EBDAEE47E}.Release|ARM.Build.0 = Release|iPhone
		{88B6A11B-8E33-4767-8765-2A9EBDAEE47E}.Release|ARM.Deploy.0 = Release|iPhone
		{88B6A11B-8E33-4767-8765-2A9EBDAEE47E}.Release|iPhone.ActiveCfg = Release|iPhone
		{88B6A11B-8E33-4767-8765-2A9EBDAEE47E}.Release|iPhone.Build.0 = Release|iPhone
		{88B6A11B-8E33-4767-8765-2A9EBDAEE47E}.Release|iPhone.Deploy.0 = Release|iPhone
		{88B6A11B-8E33-4767-8765-2A9EBDAEE47E}.Release|iPhoneSimulator.ActiveCfg = Release|iPhoneSimulator
		{88B6A11B-8E33-4767-8765-2A9EBDAEE47E}.Release|iPhoneSimulator.Build.0 = Release|iPhoneSimulator
		{88B6A11B-8E33-4767-8765-2A9EBDAEE47E}.Release|iPhoneSimulator.Deploy.0 = Release|iPhoneSimulator
		{88B6A11B-8E33-4767-8765-2A9EBDAEE47E}.Release|x64.ActiveCfg = Release|iPhone
		{88B6A11B-8E33-4767-8765-2A9EBDAEE47E}.Release|x64.Build.0 = Release|iPhone
		{88B6A11B-8E33-4767-8765-2A9EBDAEE47E}.Release|x64.Deploy.0 = Release|iPhone
		{88B6A11B-8E33-4767-8765-2A9EBDAEE47E}.Release|x86.ActiveCfg = Release|iPhone
		{88B6A11B-8E33-4767-8765-2A9EBDAEE47E}.Release|x86.Build.0 = Release|iPhone
		{88B6A11B-8E33-4767-8765-2A9EBDAEE47E}.Release|x86.Deploy.0 = Release|iPhone
		{F959FBF7-0D80-49B0-ACF5-B84534896E32}.Debug|Any CPU.ActiveCfg = Debug|Any CPU
		{F959FBF7-0D80-49B0-ACF5-B84534896E32}.Debug|Any CPU.Build.0 = Debug|Any CPU
		{F959FBF7-0D80-49B0-ACF5-B84534896E32}.Debug|Any CPU.Deploy.0 = Debug|Any CPU
		{F959FBF7-0D80-49B0-ACF5-B84534896E32}.Debug|ARM.ActiveCfg = Debug|Any CPU
		{F959FBF7-0D80-49B0-ACF5-B84534896E32}.Debug|ARM.Build.0 = Debug|Any CPU
		{F959FBF7-0D80-49B0-ACF5-B84534896E32}.Debug|ARM.Deploy.0 = Debug|Any CPU
		{F959FBF7-0D80-49B0-ACF5-B84534896E32}.Debug|iPhone.ActiveCfg = Debug|Any CPU
		{F959FBF7-0D80-49B0-ACF5-B84534896E32}.Debug|iPhone.Build.0 = Debug|Any CPU
		{F959FBF7-0D80-49B0-ACF5-B84534896E32}.Debug|iPhone.Deploy.0 = Debug|Any CPU
		{F959FBF7-0D80-49B0-ACF5-B84534896E32}.Debug|iPhoneSimulator.ActiveCfg = Debug|Any CPU
		{F959FBF7-0D80-49B0-ACF5-B84534896E32}.Debug|iPhoneSimulator.Build.0 = Debug|Any CPU
		{F959FBF7-0D80-49B0-ACF5-B84534896E32}.Debug|iPhoneSimulator.Deploy.0 = Debug|Any CPU
		{F959FBF7-0D80-49B0-ACF5-B84534896E32}.Debug|x64.ActiveCfg = Debug|Any CPU
		{F959FBF7-0D80-49B0-ACF5-B84534896E32}.Debug|x64.Build.0 = Debug|Any CPU
		{F959FBF7-0D80-49B0-ACF5-B84534896E32}.Debug|x64.Deploy.0 = Debug|Any CPU
		{F959FBF7-0D80-49B0-ACF5-B84534896E32}.Debug|x86.ActiveCfg = Debug|Any CPU
		{F959FBF7-0D80-49B0-ACF5-B84534896E32}.Debug|x86.Build.0 = Debug|Any CPU
		{F959FBF7-0D80-49B0-ACF5-B84534896E32}.Debug|x86.Deploy.0 = Debug|Any CPU
		{F959FBF7-0D80-49B0-ACF5-B84534896E32}.Release|Any CPU.ActiveCfg = Release|Any CPU
		{F959FBF7-0D80-49B0-ACF5-B84534896E32}.Release|Any CPU.Build.0 = Release|Any CPU
		{F959FBF7-0D80-49B0-ACF5-B84534896E32}.Release|Any CPU.Deploy.0 = Release|Any CPU
		{F959FBF7-0D80-49B0-ACF5-B84534896E32}.Release|ARM.ActiveCfg = Release|Any CPU
		{F959FBF7-0D80-49B0-ACF5-B84534896E32}.Release|ARM.Build.0 = Release|Any CPU
		{F959FBF7-0D80-49B0-ACF5-B84534896E32}.Release|ARM.Deploy.0 = Release|Any CPU
		{F959FBF7-0D80-49B0-ACF5-B84534896E32}.Release|iPhone.ActiveCfg = Release|Any CPU
		{F959FBF7-0D80-49B0-ACF5-B84534896E32}.Release|iPhone.Build.0 = Release|Any CPU
		{F959FBF7-0D80-49B0-ACF5-B84534896E32}.Release|iPhone.Deploy.0 = Release|Any CPU
		{F959FBF7-0D80-49B0-ACF5-B84534896E32}.Release|iPhoneSimulator.ActiveCfg = Release|Any CPU
		{F959FBF7-0D80-49B0-ACF5-B84534896E32}.Release|iPhoneSimulator.Build.0 = Release|Any CPU
		{F959FBF7-0D80-49B0-ACF5-B84534896E32}.Release|iPhoneSimulator.Deploy.0 = Release|Any CPU
		{F959FBF7-0D80-49B0-ACF5-B84534896E32}.Release|x64.ActiveCfg = Release|Any CPU
		{F959FBF7-0D80-49B0-ACF5-B84534896E32}.Release|x64.Build.0 = Release|Any CPU
		{F959FBF7-0D80-49B0-ACF5-B84534896E32}.Release|x64.Deploy.0 = Release|Any CPU
		{F959FBF7-0D80-49B0-ACF5-B84534896E32}.Release|x86.ActiveCfg = Release|Any CPU
		{F959FBF7-0D80-49B0-ACF5-B84534896E32}.Release|x86.Build.0 = Release|Any CPU
		{F959FBF7-0D80-49B0-ACF5-B84534896E32}.Release|x86.Deploy.0 = Release|Any CPU
	EndGlobalSection
	GlobalSection(SolutionProperties) = preSolution
		HideSolutionNode = FALSE
	EndGlobalSection
	GlobalSection(ExtensibilityGlobals) = postSolution
		SolutionGuid = {9B9A3E09-2079-454E-B47B-464E7815EE6D}
	EndGlobalSection
EndGlobal
